<?xml version="1.0" encoding="utf-8"?>
<Project ToolsVersion="4.0" xmlns="http://schemas.microsoft.com/developer/msbuild/2003">
  <ItemGroup>
    <ClCompile Include="main.cpp" />
    <ClCompile Include="MainStruct.cpp">
      <Filter>Cpp Datein\Main</Filter>
    </ClCompile>
    <ClCompile Include="Main-start.cpp">
      <Filter>Cpp Datein\Main</Filter>
    </ClCompile>
    <ClCompile Include="Main-startSocket.cpp">
      <Filter>Cpp Datein\Main</Filter>
    </ClCompile>
    <ClCompile Include="Logger-Struct.cpp">
      <Filter>Cpp Datein\Logger</Filter>
    </ClCompile>
    <ClCompile Include="Logger-writeDebug.cpp">
      <Filter>Cpp Datein\Logger</Filter>
    </ClCompile>
  </ItemGroup>
  <ItemGroup>
    <Filter Include="Header">
      <UniqueIdentifier>{0ef0d8e0-c7b0-434f-ad7e-787d3e78bba6}</UniqueIdentifier>
    </Filter>
    <Filter Include="Cpp Datein">
      <UniqueIdentifier>{12deac3c-06f6-4965-8873-1d2a91024a90}</UniqueIdentifier>
    </Filter>
    <Filter Include="Cpp Datein\Main">
      <UniqueIdentifier>{bc469a36-3fa0-460c-95cc-f46f4f5dd5b2}</UniqueIdentifier>
    </Filter>
    <Filter Include="Cpp Datein\Logger">
      <UniqueIdentifier>{417bada8-d00f-4cd7-bea5-2499b71e7910}</UniqueIdentifier>
    </Filter>
  </ItemGroup>
  <ItemGroup>
    <ClInclude Include="Main.h">
      <Filter>Header</Filter>
    </ClInclude>
    <ClInclude Include="Logger.h">
      <Filter>Header</Filter>
    </ClInclude>
  </ItemGroup>
</Project>